
Microsoft Visual Studio Solution File, Format Version 12.00
# Visual Studio Version 17
VisualStudioVersion = 17.13.35913.81 d17.13
MinimumVisualStudioVersion = 10.0.40219.1
Project("{FAE04EC0-301F-11D3-BF4B-00C04F79EFBC}") = "IT502 Assessment 1 Task 1", "IT502 Assessment 1 Task 1\IT502 Assessment 1 Task 1.csproj", "{4E7F4911-74A8-412C-BA57-D3FD08126759}"
EndProject
Global
	GlobalSection(SolutionConfigurationPlatforms) = preSolution
		Debug|Any CPU = Debug|Any CPU
		Release|Any CPU = Release|Any CPU
	EndGlobalSection
	GlobalSection(ProjectConfigurationPlatforms) = postSolution
		{4E7F4911-74A8-412C-BA57-D3FD08126759}.Debug|Any CPU.ActiveCfg = Debug|Any CPU
		{4E7F4911-74A8-412C-BA57-D3FD08126759}.Debug|Any CPU.Build.0 = Debug|Any CPU
		{4E7F4911-74A8-412C-BA57-D3FD08126759}.Release|Any CPU.ActiveCfg = Release|Any CPU
		{4E7F4911-74A8-412C-BA57-D3FD08126759}.Release|Any CPU.Build.0 = Release|Any CPU
	EndGlobalSection
	GlobalSection(SolutionProperties) = preSolution
		HideSolutionNode = FALSE
	EndGlobalSection
	GlobalSection(ExtensibilityGlobals) = postSolution
		SolutionGuid = {5EA1D3AA-C1A9-43BA-B0BC-B1529675F313}
	EndGlobalSection
EndGlobal
